<?xml version="1.0" encoding="UTF-8" standalone="yes" ?>
<CodeBlocks_project_file>
	<FileVersion major="1" minor="6" />
	<Project>
		<Option title="CyberStreets" />
		<Option pch_mode="2" />
		<Option compiler="gcc" />
		<Build>
			<Target title="Debug">
				<Option output="bin/Debug/CyberStreets" prefix_auto="1" extension_auto="1" />
				<Option object_output="obj/Debug/" />
				<Option type="1" />
				<Option compiler="gcc" />
				<Option projectCompilerOptionsRelation="0" />
				<Compiler>
					<Add option="-g" />
					<Add option="-DSFML_STATIC" />
				</Compiler>
			</Target>
			<Target title="Release">
				<Option output="bin/Release/CyberStreets" prefix_auto="1" extension_auto="1" />
				<Option object_output="obj/Release/" />
				<Option type="1" />
				<Option compiler="gcc" />
				<Option projectCompilerOptionsRelation="0" />
				<Compiler>
					<Add option="-O2" />
				</Compiler>
				<Linker>
					<Add option="-s" />
				</Linker>
			</Target>
		</Build>
		<Compiler>
			<Add option="-Wall" />
			<Add option="-DSFML_STATIC" />
			<Add directory="C:/SFML-2.5.1/include" />
		</Compiler>
		<Linker>
			<Add library="sfml-window" />
			<Add library="sfml-graphics" />
			<Add library="sfml-system" />
			<Add library="sfml-audio" />
			<Add directory="C:/SFML-2.5.1/lib" />
		</Linker>
		<Unit filename="src/Animation.hpp" />
		<Unit filename="src/AnimationController.cpp" />
		<Unit filename="src/AnimationController.hpp" />
		<Unit filename="src/Avatar.hpp" />
		<Unit filename="src/Character.cpp" />
		<Unit filename="src/Character.hpp" />
		<Unit filename="src/Enemy.hpp" />
		<Unit filename="src/Entity.cpp" />
		<Unit filename="src/Entity.hpp" />
		<Unit filename="src/Game.cpp" />
		<Unit filename="src/Game.hpp" />
		<Unit filename="src/Hud.cpp" />
		<Unit filename="src/Hud.hpp" />
		<Unit filename="src/InputController.hpp" />
		<Unit filename="src/Menu.cpp" />
		<Unit filename="src/Menu.hpp" />
		<Unit filename="src/Player.hpp" />
		<Unit filename="src/SoundManager.cpp" />
		<Unit filename="src/SoundManager.hpp" />
		<Unit filename="src/StrongEnemy.hpp" />
		<Unit filename="src/WeakEnemy.hpp" />
		<Unit filename="src/main.cpp" />
		<Extensions />
	</Project>
</CodeBlocks_project_file>
